# THIS IS AN AUTOGENERATED FILE. DO NOT EDIT THIS FILE DIRECTLY.
# yarn lockfile v1


"@ashthornton/asscroll@^2.0.11":
  version "2.0.11"
  resolved "https://registry.npmjs.org/@ashthornton/asscroll/-/asscroll-2.0.11.tgz"
  integrity sha512-X7Z+0aePdxn2WeKTx+sX/U9KNwjRSlY+ZeoGO7ZQy4uKRZ2cSHZi5ho9WiuDAPTPj97Smb2aZ7XC8goR73SmPA==
  dependencies:
    "@unseenco/e" "^2.2.2"

"@esbuild/win32-x64@0.18.20":
  version "0.18.20"
  resolved "https://registry.npmjs.org/@esbuild/win32-x64/-/win32-x64-0.18.20.tgz"
  integrity sha512-kTdfRcSiDfQca/y9QIkng02avJ+NCaQvrMejlsB3RRv5sE9rRoeBPISaZpKxHELzRxZyLvNts1P27W3wV+8geQ==

"@unseenco/e@^2.2.2":
  version "2.2.3"
  resolved "https://registry.npmjs.org/@unseenco/e/-/e-2.2.3.tgz"
  integrity sha512-ntxSrExl+KRWjbD3D4U2AnDZAwD0BZyhowQ6y+bbPqvvEkKfFdTlGNUa/xCwezHvZe+YowJ+mHAGjxtvMtK73Q==
  dependencies:
    selector-set "^1.1.5"

"98.css@^0.1.20":
  version "0.1.20"
  resolved "https://registry.npmjs.org/98.css/-/98.css-0.1.20.tgz"
  integrity sha512-9oM+AZMfxG59Zz+bnAjIxAX2AKnBPkEJjf84ATto0wUNdRPxV+jhov1rHKe/wl6D0giuWwY603RxwrVVG4v2sA==

animate.css@^4.1.1:
  version "4.1.1"
  resolved "https://registry.npmjs.org/animate.css/-/animate.css-4.1.1.tgz"
  integrity sha512-+mRmCTv6SbCmtYJCN4faJMNFVNN5EuCTTprDTAo7YzIGji2KADmakjVA3+8mVDkZ2Bf09vayB35lSQIex2+QaQ==

esbuild@^0.18.10:
  version "0.18.20"
  resolved "https://registry.npmjs.org/esbuild/-/esbuild-0.18.20.tgz"
  integrity sha512-ceqxoedUrcayh7Y7ZX6NdbbDzGROiyVBgC4PriJThBKSVPWnnFHZAkfI1lJT8QFkOwH4qOS2SJkS4wvpGl8BpA==
  optionalDependencies:
    "@esbuild/android-arm" "0.18.20"
    "@esbuild/android-arm64" "0.18.20"
    "@esbuild/android-x64" "0.18.20"
    "@esbuild/darwin-arm64" "0.18.20"
    "@esbuild/darwin-x64" "0.18.20"
    "@esbuild/freebsd-arm64" "0.18.20"
    "@esbuild/freebsd-x64" "0.18.20"
    "@esbuild/linux-arm" "0.18.20"
    "@esbuild/linux-arm64" "0.18.20"
    "@esbuild/linux-ia32" "0.18.20"
    "@esbuild/linux-loong64" "0.18.20"
    "@esbuild/linux-mips64el" "0.18.20"
    "@esbuild/linux-ppc64" "0.18.20"
    "@esbuild/linux-riscv64" "0.18.20"
    "@esbuild/linux-s390x" "0.18.20"
    "@esbuild/linux-x64" "0.18.20"
    "@esbuild/netbsd-x64" "0.18.20"
    "@esbuild/openbsd-x64" "0.18.20"
    "@esbuild/sunos-x64" "0.18.20"
    "@esbuild/win32-arm64" "0.18.20"
    "@esbuild/win32-ia32" "0.18.20"
    "@esbuild/win32-x64" "0.18.20"

events@^3.3.0:
  version "3.3.0"
  resolved "https://registry.npmjs.org/events/-/events-3.3.0.tgz"
  integrity sha512-mQw+2fkQbALzQ7V0MY0IqdnXNOeTtP4r0lN9z7AAawCXgqea7bDii20AYrIBrFd/Hx0M2Ocz6S111CaFkUcb0Q==

gsap@^3.11.4:
  version "3.11.4"
  resolved "https://registry.npmjs.org/gsap/-/gsap-3.11.4.tgz"
  integrity sha512-McHhEguHyExMMnjqKA8G+7TvxmlKQGMbjgwAilnFe1e4id7V/tFveRQ2YMZhTYu0oxHGWvbPltdVYQOu3z1SCA==

nanoid@^3.3.7:
  version "3.3.7"
  resolved "https://registry.npmjs.org/nanoid/-/nanoid-3.3.7.tgz"
  integrity sha512-eSRppjcPIatRIMC1U6UngP8XFcz8MQWGQdt1MTBQ7NaAmvXDfvNxbvWV3x2y6CdEUciCSsDHDQZbhYaB8QEo2g==

picocolors@^1.0.0:
  version "1.0.0"
  resolved "https://registry.npmjs.org/picocolors/-/picocolors-1.0.0.tgz"
  integrity sha512-1fygroTLlHu66zi26VoTDv8yRgm0Fccecssto+MhsZ0D/DGW2sm8E8AjW7NU5VVTRt5GxbeZ5qBuJr+HyLYkjQ==

postcss@^8.4.27:
  version "8.4.38"
  resolved "https://registry.npmjs.org/postcss/-/postcss-8.4.38.tgz"
  integrity sha512-Wglpdk03BSfXkHoQa3b/oulrotAkwrlLDRSOb9D0bN86FdRyE9lppSp33aHNPgBa0JKCoB+drFLZkQoRRYae5A==
  dependencies:
    nanoid "^3.3.7"
    picocolors "^1.0.0"
    source-map-js "^1.2.0"

rollup@^3.27.1:
  version "3.29.4"
  resolved "https://registry.npmjs.org/rollup/-/rollup-3.29.4.tgz"
  integrity sha512-oWzmBZwvYrU0iJHtDmhsm662rC15FRXmcjCk1xD771dFDx5jJ02ufAQQTn0etB2emNk4J9EZg/yWKpsn9BWGRw==
  optionalDependencies:
    fsevents "~2.3.2"

selector-set@^1.1.5:
  version "1.1.5"
  resolved "https://registry.npmjs.org/selector-set/-/selector-set-1.1.5.tgz"
  integrity sha512-6SQw6yMew5iOZ8/cDHDEnJWRM4ot2mxP6szZyF5ptrBogw4AcS4EXRj/8BUfgAMwVfdL84qpModlBMOl2NVrsQ==

source-map-js@^1.2.0:
  version "1.2.0"
  resolved "https://registry.npmjs.org/source-map-js/-/source-map-js-1.2.0.tgz"
  integrity sha512-itJW8lvSA0TXEphiRoawsCksnlf8SyvmFzIhltqAHluXd88pkCd+cXJVHTDwdCr0IzwptSm035IHQktUu1QUMg==

three@^0.150.1:
  version "0.150.1"
  resolved "https://registry.npmjs.org/three/-/three-0.150.1.tgz"
  integrity sha512-5C1MqKUWaHYo13BX0Q64qcdwImgnnjSOFgBscOzAo8MYCzEtqfQqorEKMcajnA3FHy1yVlIe9AmaMQ0OQracNA==

vite@^4.1.0:
  version "4.5.3"
  resolved "https://registry.npmjs.org/vite/-/vite-4.5.3.tgz"
  integrity sha512-kQL23kMeX92v3ph7IauVkXkikdDRsYMGTVl5KY2E9OY4ONLvkHf04MDTbnfo6NKxZiDLWzVpP5oTa8hQD8U3dg==
  dependencies:
    esbuild "^0.18.10"
    postcss "^8.4.27"
    rollup "^3.27.1"
  optionalDependencies:
    fsevents "~2.3.2"
